
Microsoft Visual Studio Solution File, Format Version 12.00
# Visual Studio Version 17
VisualStudioVersion = 17.9.34607.119
MinimumVisualStudioVersion = 10.0.40219.1
Project("{FAE04EC0-301F-11D3-BF4B-00C04F79EFBC}") = "tpmodul8_1302223099", "tpmodul8_1302223099\tpmodul8_1302223099.csproj", "{F7C2F0E0-1B82-4C72-901C-135450ABA5B6}"
EndProject
Global
	GlobalSection(SolutionConfigurationPlatforms) = preSolution
		Debug|Any CPU = Debug|Any CPU
		Release|Any CPU = Release|Any CPU
	EndGlobalSection
	GlobalSection(ProjectConfigurationPlatforms) = postSolution
		{F7C2F0E0-1B82-4C72-901C-135450ABA5B6}.Debug|Any CPU.ActiveCfg = Debug|Any CPU
		{F7C2F0E0-1B82-4C72-901C-135450ABA5B6}.Debug|Any CPU.Build.0 = Debug|Any CPU
		{F7C2F0E0-1B82-4C72-901C-135450ABA5B6}.Release|Any CPU.ActiveCfg = Release|Any CPU
		{F7C2F0E0-1B82-4C72-901C-135450ABA5B6}.Release|Any CPU.Build.0 = Release|Any CPU
	EndGlobalSection
	GlobalSection(SolutionProperties) = preSolution
		HideSolutionNode = FALSE
	EndGlobalSection
	GlobalSection(ExtensibilityGlobals) = postSolution
		SolutionGuid = {4CDCDAEB-2669-436B-9174-FD8067812E82}
	EndGlobalSection
EndGlobal
